<?xml version="1.0" encoding="utf-8"?>
<Project ToolsVersion="4.0" xmlns="http://schemas.microsoft.com/developer/msbuild/2003">
  <ItemGroup>
    <Filter Include="Source Files">
      <UniqueIdentifier>{c2f98cb7-23d3-465b-82e5-5329d95d5114}</UniqueIdentifier>
      <Extensions>cpp;c;cxx;rc;def;r;odl;idl;hpj;bat</Extensions>
    </Filter>
    <Filter Include="Header Files">
      <UniqueIdentifier>{4fbac786-e6dc-4317-b1b2-112e67d118e8}</UniqueIdentifier>
      <Extensions>h;hpp;hxx;hm;inl</Extensions>
    </Filter>
  </ItemGroup>
  <ItemGroup>
    <ClCompile Include="About.cpp">
      <Filter>Source Files</Filter>
    </ClCompile>
    <ClCompile Include="AdvancedSettings.cpp">
      <Filter>Source Files</Filter>
    </ClCompile>
    <ClCompile Include="altacastStandalone.cpp">
      <Filter>Source Files</Filter>
    </ClCompile>
    <ClCompile Include="BasicSettings.cpp">
      <Filter>Source Files</Filter>
    </ClCompile>
    <ClCompile Include="Config.cpp">
      <Filter>Source Files</Filter>
    </ClCompile>
    <ClCompile Include="EditMetadata.cpp">
      <Filter>Source Files</Filter>
    </ClCompile>
    <ClCompile Include="FindWindow.cpp">
      <Filter>Source Files</Filter>
    </ClCompile>
    <ClCompile Include="FlexMeters.cpp">
      <Filter>Source Files</Filter>
    </ClCompile>
    <ClCompile Include="log.cpp">
      <Filter>Source Files</Filter>
    </ClCompile>
    <ClCompile Include="MainWindow.cpp">
      <Filter>Source Files</Filter>
    </ClCompile>
    <ClCompile Include="SystemTray.cpp">
      <Filter>Source Files</Filter>
    </ClCompile>
    <ClCompile Include="YPSettings.cpp">
      <Filter>Source Files</Filter>
    </ClCompile>
  </ItemGroup>
  <ItemGroup>
    <ResourceCompile Include="altacast.rc">
      <Filter>Source Files</Filter>
    </ResourceCompile>
  </ItemGroup>
  <ItemGroup>
    <ClInclude Include="About.h">
      <Filter>Header Files</Filter>
    </ClInclude>
    <ClInclude Include="AdvancedSettings.h">
      <Filter>Header Files</Filter>
    </ClInclude>
    <ClInclude Include="altacast.h">
      <Filter>Header Files</Filter>
    </ClInclude>
    <ClInclude Include="altacastStandalone.h">
      <Filter>Header Files</Filter>
    </ClInclude>
    <ClInclude Include="BasicSettings.h">
      <Filter>Header Files</Filter>
    </ClInclude>
    <ClInclude Include="Config.h">
      <Filter>Header Files</Filter>
    </ClInclude>
    <ClInclude Include="EditMetadata.h">
      <Filter>Header Files</Filter>
    </ClInclude>
    <ClInclude Include="FindWindow.h">
      <Filter>Header Files</Filter>
    </ClInclude>
    <ClInclude Include="FlexMeters.h">
      <Filter>Header Files</Filter>
    </ClInclude>
    <ClInclude Include="log.h">
      <Filter>Header Files</Filter>
    </ClInclude>
    <ClInclude Include="MainWindow.h">
      <Filter>Header Files</Filter>
    </ClInclude>
    <ClInclude Include="resource.h">
      <Filter>Header Files</Filter>
    </ClInclude>
    <ClInclude Include="StdAfx.h">
      <Filter>Header Files</Filter>
    </ClInclude>
    <ClInclude Include="SystemTray.h">
      <Filter>Header Files</Filter>
    </ClInclude>
    <ClInclude Include="YPSettings.h">
      <Filter>Header Files</Filter>
    </ClInclude>
  </ItemGroup>
  <ItemGroup>
    <None Include="icon2.ico" />
    <None Include="live_off.bmp" />
    <None Include="live_on.bmp" />
    <None Include="oddsock_logo.bmp" />
    <None Include="oddsock_small_logo.bmp" />
  </ItemGroup>
</Project>